
Microsoft Visual Studio Solution File, Format Version 12.00
# Visual Studio Version 17
VisualStudioVersion = 17.0.31903.59
MinimumVisualStudioVersion = 15.0.26124.0
Project("{9A19103F-16F7-4668-BE54-9A1E7A4F7556}") = "Chunkyard", "Chunkyard\Chunkyard.csproj", "{B9ED583A-D64E-4E35-B2B7-B1BD9CC9549F}"
EndProject
Project("{9A19103F-16F7-4668-BE54-9A1E7A4F7556}") = "Chunkyard.Tests", "Chunkyard.Tests\Chunkyard.Tests.csproj", "{ECEF842F-8D64-4581-B1AA-F720BF6B72F3}"
EndProject
Project("{9A19103F-16F7-4668-BE54-9A1E7A4F7556}") = "Chunkyard.Build", "Chunkyard.Build\Chunkyard.Build.csproj", "{2CFC370A-5780-430E-B60B-FB9852F13DFC}"
EndProject
Project("{FAE04EC0-301F-11D3-BF4B-00C04F79EFBC}") = "Chunkyard.Cli", "Chunkyard.Cli\Chunkyard.Cli.csproj", "{B2EDBAE8-C6B2-45C3-8EEC-9E5B0AEA1689}"
EndProject
Project("{FAE04EC0-301F-11D3-BF4B-00C04F79EFBC}") = "Chunkyard.Cli.Tests", "Chunkyard.Cli.Tests\Chunkyard.Cli.Tests.csproj", "{06E71056-EC33-4870-A476-F1EC1F95CBE0}"
EndProject
Global
	GlobalSection(SolutionConfigurationPlatforms) = preSolution
		Debug|Any CPU = Debug|Any CPU
		Debug|x64 = Debug|x64
		Debug|x86 = Debug|x86
		Release|Any CPU = Release|Any CPU
		Release|x64 = Release|x64
		Release|x86 = Release|x86
	EndGlobalSection
	GlobalSection(ProjectConfigurationPlatforms) = postSolution
		{B9ED583A-D64E-4E35-B2B7-B1BD9CC9549F}.Debug|Any CPU.ActiveCfg = Debug|Any CPU
		{B9ED583A-D64E-4E35-B2B7-B1BD9CC9549F}.Debug|Any CPU.Build.0 = Debug|Any CPU
		{B9ED583A-D64E-4E35-B2B7-B1BD9CC9549F}.Debug|x64.ActiveCfg = Debug|Any CPU
		{B9ED583A-D64E-4E35-B2B7-B1BD9CC9549F}.Debug|x64.Build.0 = Debug|Any CPU
		{B9ED583A-D64E-4E35-B2B7-B1BD9CC9549F}.Debug|x86.ActiveCfg = Debug|Any CPU
		{B9ED583A-D64E-4E35-B2B7-B1BD9CC9549F}.Debug|x86.Build.0 = Debug|Any CPU
		{B9ED583A-D64E-4E35-B2B7-B1BD9CC9549F}.Release|Any CPU.ActiveCfg = Release|Any CPU
		{B9ED583A-D64E-4E35-B2B7-B1BD9CC9549F}.Release|Any CPU.Build.0 = Release|Any CPU
		{B9ED583A-D64E-4E35-B2B7-B1BD9CC9549F}.Release|x64.ActiveCfg = Release|Any CPU
		{B9ED583A-D64E-4E35-B2B7-B1BD9CC9549F}.Release|x64.Build.0 = Release|Any CPU
		{B9ED583A-D64E-4E35-B2B7-B1BD9CC9549F}.Release|x86.ActiveCfg = Release|Any CPU
		{B9ED583A-D64E-4E35-B2B7-B1BD9CC9549F}.Release|x86.Build.0 = Release|Any CPU
		{ECEF842F-8D64-4581-B1AA-F720BF6B72F3}.Debug|Any CPU.ActiveCfg = Debug|Any CPU
		{ECEF842F-8D64-4581-B1AA-F720BF6B72F3}.Debug|Any CPU.Build.0 = Debug|Any CPU
		{ECEF842F-8D64-4581-B1AA-F720BF6B72F3}.Debug|x64.ActiveCfg = Debug|Any CPU
		{ECEF842F-8D64-4581-B1AA-F720BF6B72F3}.Debug|x64.Build.0 = Debug|Any CPU
		{ECEF842F-8D64-4581-B1AA-F720BF6B72F3}.Debug|x86.ActiveCfg = Debug|Any CPU
		{ECEF842F-8D64-4581-B1AA-F720BF6B72F3}.Debug|x86.Build.0 = Debug|Any CPU
		{ECEF842F-8D64-4581-B1AA-F720BF6B72F3}.Release|Any CPU.ActiveCfg = Release|Any CPU
		{ECEF842F-8D64-4581-B1AA-F720BF6B72F3}.Release|Any CPU.Build.0 = Release|Any CPU
		{ECEF842F-8D64-4581-B1AA-F720BF6B72F3}.Release|x64.ActiveCfg = Release|Any CPU
		{ECEF842F-8D64-4581-B1AA-F720BF6B72F3}.Release|x64.Build.0 = Release|Any CPU
		{ECEF842F-8D64-4581-B1AA-F720BF6B72F3}.Release|x86.ActiveCfg = Release|Any CPU
		{ECEF842F-8D64-4581-B1AA-F720BF6B72F3}.Release|x86.Build.0 = Release|Any CPU
		{2CFC370A-5780-430E-B60B-FB9852F13DFC}.Debug|Any CPU.ActiveCfg = Debug|Any CPU
		{2CFC370A-5780-430E-B60B-FB9852F13DFC}.Debug|Any CPU.Build.0 = Debug|Any CPU
		{2CFC370A-5780-430E-B60B-FB9852F13DFC}.Debug|x64.ActiveCfg = Debug|Any CPU
		{2CFC370A-5780-430E-B60B-FB9852F13DFC}.Debug|x64.Build.0 = Debug|Any CPU
		{2CFC370A-5780-430E-B60B-FB9852F13DFC}.Debug|x86.ActiveCfg = Debug|Any CPU
		{2CFC370A-5780-430E-B60B-FB9852F13DFC}.Debug|x86.Build.0 = Debug|Any CPU
		{2CFC370A-5780-430E-B60B-FB9852F13DFC}.Release|Any CPU.ActiveCfg = Release|Any CPU
		{2CFC370A-5780-430E-B60B-FB9852F13DFC}.Release|Any CPU.Build.0 = Release|Any CPU
		{2CFC370A-5780-430E-B60B-FB9852F13DFC}.Release|x64.ActiveCfg = Release|Any CPU
		{2CFC370A-5780-430E-B60B-FB9852F13DFC}.Release|x64.Build.0 = Release|Any CPU
		{2CFC370A-5780-430E-B60B-FB9852F13DFC}.Release|x86.ActiveCfg = Release|Any CPU
		{2CFC370A-5780-430E-B60B-FB9852F13DFC}.Release|x86.Build.0 = Release|Any CPU
		{B2EDBAE8-C6B2-45C3-8EEC-9E5B0AEA1689}.Debug|Any CPU.ActiveCfg = Debug|Any CPU
		{B2EDBAE8-C6B2-45C3-8EEC-9E5B0AEA1689}.Debug|Any CPU.Build.0 = Debug|Any CPU
		{B2EDBAE8-C6B2-45C3-8EEC-9E5B0AEA1689}.Debug|x64.ActiveCfg = Debug|Any CPU
		{B2EDBAE8-C6B2-45C3-8EEC-9E5B0AEA1689}.Debug|x64.Build.0 = Debug|Any CPU
		{B2EDBAE8-C6B2-45C3-8EEC-9E5B0AEA1689}.Debug|x86.ActiveCfg = Debug|Any CPU
		{B2EDBAE8-C6B2-45C3-8EEC-9E5B0AEA1689}.Debug|x86.Build.0 = Debug|Any CPU
		{B2EDBAE8-C6B2-45C3-8EEC-9E5B0AEA1689}.Release|Any CPU.ActiveCfg = Release|Any CPU
		{B2EDBAE8-C6B2-45C3-8EEC-9E5B0AEA1689}.Release|Any CPU.Build.0 = Release|Any CPU
		{B2EDBAE8-C6B2-45C3-8EEC-9E5B0AEA1689}.Release|x64.ActiveCfg = Release|Any CPU
		{B2EDBAE8-C6B2-45C3-8EEC-9E5B0AEA1689}.Release|x64.Build.0 = Release|Any CPU
		{B2EDBAE8-C6B2-45C3-8EEC-9E5B0AEA1689}.Release|x86.ActiveCfg = Release|Any CPU
		{B2EDBAE8-C6B2-45C3-8EEC-9E5B0AEA1689}.Release|x86.Build.0 = Release|Any CPU
		{06E71056-EC33-4870-A476-F1EC1F95CBE0}.Debug|Any CPU.ActiveCfg = Debug|Any CPU
		{06E71056-EC33-4870-A476-F1EC1F95CBE0}.Debug|Any CPU.Build.0 = Debug|Any CPU
		{06E71056-EC33-4870-A476-F1EC1F95CBE0}.Debug|x64.ActiveCfg = Debug|Any CPU
		{06E71056-EC33-4870-A476-F1EC1F95CBE0}.Debug|x64.Build.0 = Debug|Any CPU
		{06E71056-EC33-4870-A476-F1EC1F95CBE0}.Debug|x86.ActiveCfg = Debug|Any CPU
		{06E71056-EC33-4870-A476-F1EC1F95CBE0}.Debug|x86.Build.0 = Debug|Any CPU
		{06E71056-EC33-4870-A476-F1EC1F95CBE0}.Release|Any CPU.ActiveCfg = Release|Any CPU
		{06E71056-EC33-4870-A476-F1EC1F95CBE0}.Release|Any CPU.Build.0 = Release|Any CPU
		{06E71056-EC33-4870-A476-F1EC1F95CBE0}.Release|x64.ActiveCfg = Release|Any CPU
		{06E71056-EC33-4870-A476-F1EC1F95CBE0}.Release|x64.Build.0 = Release|Any CPU
		{06E71056-EC33-4870-A476-F1EC1F95CBE0}.Release|x86.ActiveCfg = Release|Any CPU
		{06E71056-EC33-4870-A476-F1EC1F95CBE0}.Release|x86.Build.0 = Release|Any CPU
	EndGlobalSection
	GlobalSection(SolutionProperties) = preSolution
		HideSolutionNode = FALSE
	EndGlobalSection
	GlobalSection(ExtensibilityGlobals) = postSolution
		SolutionGuid = {B09464EF-1470-4DBE-A081-D000F0BFD56C}
	EndGlobalSection
EndGlobal
